
Microsoft Visual Studio Solution File, Format Version 12.00
# Visual Studio 15
VisualStudioVersion = 15.0.28307.271
MinimumVisualStudioVersion = 10.0.40219.1
Project("{FAE04EC0-301F-11D3-BF4B-00C04F79EFBC}") = "BookmarkManager", "BookmarkManager\BookmarkManager.csproj", "{39BC6AB1-0B1B-416D-92FD-E73D604E73C6}"
EndProject
Project("{FAE04EC0-301F-11D3-BF4B-00C04F79EFBC}") = "BookmarkManager.Tests", "BookmarkManager.Tests\BookmarkManager.Tests.csproj", "{A0C94262-47DA-4C2B-86BD-0C0F21B7CDF9}"
EndProject
Global
	GlobalSection(SolutionConfigurationPlatforms) = preSolution
		Debug|Any CPU = Debug|Any CPU
		Release|Any CPU = Release|Any CPU
	EndGlobalSection
	GlobalSection(ProjectConfigurationPlatforms) = postSolution
		{39BC6AB1-0B1B-416D-92FD-E73D604E73C6}.Debug|Any CPU.ActiveCfg = Debug|Any CPU
		{39BC6AB1-0B1B-416D-92FD-E73D604E73C6}.Debug|Any CPU.Build.0 = Debug|Any CPU
		{39BC6AB1-0B1B-416D-92FD-E73D604E73C6}.Release|Any CPU.ActiveCfg = Release|Any CPU
		{39BC6AB1-0B1B-416D-92FD-E73D604E73C6}.Release|Any CPU.Build.0 = Release|Any CPU
		{A0C94262-47DA-4C2B-86BD-0C0F21B7CDF9}.Debug|Any CPU.ActiveCfg = Debug|Any CPU
		{A0C94262-47DA-4C2B-86BD-0C0F21B7CDF9}.Debug|Any CPU.Build.0 = Debug|Any CPU
		{A0C94262-47DA-4C2B-86BD-0C0F21B7CDF9}.Release|Any CPU.ActiveCfg = Release|Any CPU
		{A0C94262-47DA-4C2B-86BD-0C0F21B7CDF9}.Release|Any CPU.Build.0 = Release|Any CPU
	EndGlobalSection
	GlobalSection(SolutionProperties) = preSolution
		HideSolutionNode = FALSE
	EndGlobalSection
	GlobalSection(ExtensibilityGlobals) = postSolution
		SolutionGuid = {538F079D-E769-4390-910F-55D416758BF8}
	EndGlobalSection
EndGlobal
